
Microsoft Visual Studio Solution File, Format Version 12.00
# Visual Studio Version 16
VisualStudioVersion = 16.0.30002.166
MinimumVisualStudioVersion = 10.0.40219.1
Project("{FAE04EC0-301F-11D3-BF4B-00C04F79EFBC}") = "Budget.Android", "Budget\Budget.Android\Budget.Android.csproj", "{B19E6F34-7647-4D28-ACE2-1DC295289C46}"
EndProject
Project("{FAE04EC0-301F-11D3-BF4B-00C04F79EFBC}") = "Budget", "Budget\Budget\Budget.csproj", "{7D38C996-90D9-4783-BFA4-995874EE4EA6}"
EndProject
Global
	GlobalSection(SolutionConfigurationPlatforms) = preSolution
		Debug|Any CPU = Debug|Any CPU
		Release|Any CPU = Release|Any CPU
	EndGlobalSection
	GlobalSection(ProjectConfigurationPlatforms) = postSolution
		{B19E6F34-7647-4D28-ACE2-1DC295289C46}.Debug|Any CPU.ActiveCfg = Debug|Any CPU
		{B19E6F34-7647-4D28-ACE2-1DC295289C46}.Debug|Any CPU.Build.0 = Debug|Any CPU
		{B19E6F34-7647-4D28-ACE2-1DC295289C46}.Debug|Any CPU.Deploy.0 = Debug|Any CPU
		{B19E6F34-7647-4D28-ACE2-1DC295289C46}.Release|Any CPU.ActiveCfg = Release|Any CPU
		{B19E6F34-7647-4D28-ACE2-1DC295289C46}.Release|Any CPU.Build.0 = Release|Any CPU
		{B19E6F34-7647-4D28-ACE2-1DC295289C46}.Release|Any CPU.Deploy.0 = Release|Any CPU
		{7D38C996-90D9-4783-BFA4-995874EE4EA6}.Debug|Any CPU.ActiveCfg = Debug|Any CPU
		{7D38C996-90D9-4783-BFA4-995874EE4EA6}.Debug|Any CPU.Build.0 = Debug|Any CPU
		{7D38C996-90D9-4783-BFA4-995874EE4EA6}.Debug|Any CPU.Deploy.0 = Debug|Any CPU
		{7D38C996-90D9-4783-BFA4-995874EE4EA6}.Release|Any CPU.ActiveCfg = Release|Any CPU
		{7D38C996-90D9-4783-BFA4-995874EE4EA6}.Release|Any CPU.Build.0 = Release|Any CPU
		{7D38C996-90D9-4783-BFA4-995874EE4EA6}.Release|Any CPU.Deploy.0 = Release|Any CPU
	EndGlobalSection
	GlobalSection(SolutionProperties) = preSolution
		HideSolutionNode = FALSE
	EndGlobalSection
	GlobalSection(ExtensibilityGlobals) = postSolution
		SolutionGuid = {0CC51BA6-EB68-4C69-8E4B-ABDA4A0D48B2}
	EndGlobalSection
EndGlobal
